// !$*UTF8*$!
{
	archiveVersion = 1;
	classes = {
	};
	objectVersion = 46;
	objects = {

/* Begin PBXFileReference section */
		BC9519091975928E007928CE /* FORMAT.md */ = {isa = PBXFileReference; lastKnownFileType = net.daringfireball.markdown; name = FORMAT.md; path = ../FORMAT.md; sourceTree = "<group>"; };
		BC95190A1975928E007928CE /* README.md */ = {isa = PBXFileReference; lastKnownFileType = net.daringfireball.markdown; name = README.md; path = ../README.md; sourceTree = "<group>"; };
		BC95190B19759297007928CE /* Database.pm */ = {isa = PBXFileReference; lastKnownFileType = text.script.perl; name = Database.pm; path = ../lib/Evented/Database.pm; sourceTree = "<group>"; };
		BC95190C197592B5007928CE /* Table.pm */ = {isa = PBXFileReference; lastKnownFileType = text.script.perl; name = Table.pm; path = ../lib/Evented/Database/Table.pm; sourceTree = "<group>"; };
		BC95190D197592CD007928CE /* Rows.pm */ = {isa = PBXFileReference; indentWidth = 4; lastKnownFileType = text.script.perl; name = Rows.pm; path = ../lib/Evented/Database/Rows.pm; sourceTree = "<group>"; };
/* End PBXFileReference section */

/* Begin PBXGroup section */
		BC9519021975923A007928CE = {
			isa = PBXGroup;
			children = (
				BC95190B19759297007928CE /* Database.pm */,
				BC95190C197592B5007928CE /* Table.pm */,
				BC95190D197592CD007928CE /* Rows.pm */,
				BC9519091975928E007928CE /* FORMAT.md */,
				BC95190A1975928E007928CE /* README.md */,
			);
			sourceTree = "<group>";
		};
/* End PBXGroup section */

/* Begin PBXProject section */
		BC9519031975923A007928CE /* Project object */ = {
			isa = PBXProject;
			attributes = {
				LastUpgradeCheck = 0600;
			};
			buildConfigurationList = BC9519061975923A007928CE /* Build configuration list for PBXProject "Evented::Database" */;
			compatibilityVersion = "Xcode 3.2";
			developmentRegion = English;
			hasScannedForEncodings = 0;
			knownRegions = (
				en,
			);
			mainGroup = BC9519021975923A007928CE;
			projectDirPath = "";
			projectRoot = "";
			targets = (
			);
		};
/* End PBXProject section */

/* Begin XCBuildConfiguration section */
		BC9519071975923A007928CE /* Debug */ = {
			isa = XCBuildConfiguration;
			buildSettings = {
			};
			name = Debug;
		};
		BC9519081975923A007928CE /* Release */ = {
			isa = XCBuildConfiguration;
			buildSettings = {
			};
			name = Release;
		};
/* End XCBuildConfiguration section */

/* Begin XCConfigurationList section */
		BC9519061975923A007928CE /* Build configuration list for PBXProject "Evented::Database" */ = {
			isa = XCConfigurationList;
			buildConfigurations = (
				BC9519071975923A007928CE /* Debug */,
				BC9519081975923A007928CE /* Release */,
			);
			defaultConfigurationIsVisible = 0;
			defaultConfigurationName = Release;
		};
/* End XCConfigurationList section */
	};
	rootObject = BC9519031975923A007928CE /* Project object */;
}
